
Microsoft Visual Studio Solution File, Format Version 12.00
# Visual Studio Version 17
VisualStudioVersion = 17.8.34330.188
MinimumVisualStudioVersion = 10.0.40219.1
Project("{FAE04EC0-301F-11D3-BF4B-00C04F79EFBC}") = "FlowermanISeeYou", "FlowermanISeeYou\FlowermanISeeYou.csproj", "{2B125F01-965C-4E77-B82D-31D99DD36577}"
EndProject
Global
	GlobalSection(SolutionConfigurationPlatforms) = preSolution
		Debug|Any CPU = Debug|Any CPU
		Release|Any CPU = Release|Any CPU
	EndGlobalSection
	GlobalSection(ProjectConfigurationPlatforms) = postSolution
		{2B125F01-965C-4E77-B82D-31D99DD36577}.Debug|Any CPU.ActiveCfg = Debug|Any CPU
		{2B125F01-965C-4E77-B82D-31D99DD36577}.Debug|Any CPU.Build.0 = Debug|Any CPU
		{2B125F01-965C-4E77-B82D-31D99DD36577}.Release|Any CPU.ActiveCfg = Release|Any CPU
		{2B125F01-965C-4E77-B82D-31D99DD36577}.Release|Any CPU.Build.0 = Release|Any CPU
	EndGlobalSection
	GlobalSection(SolutionProperties) = preSolution
		HideSolutionNode = FALSE
	EndGlobalSection
	GlobalSection(ExtensibilityGlobals) = postSolution
		SolutionGuid = {92747BBC-0DDA-473C-B3AC-AF858C81E4D1}
	EndGlobalSection
EndGlobal
